
Microsoft Visual Studio Solution File, Format Version 12.00
# Visual Studio Version 16
VisualStudioVersion = 16.0.32930.78
MinimumVisualStudioVersion = 10.0.40219.1
Project("{8BC9CEB8-8B4A-11D0-8D11-00A0C91BC942}") = "User.Interface", "User.Interface\User.Interface.vcxproj", "{47F7BC52-2DA5-4FA7-BDAB-AECD98C8C843}"
EndProject
Global
	GlobalSection(SolutionConfigurationPlatforms) = preSolution
		Debug|x64 = Debug|x64
		Debug|x86 = Debug|x86
		Release|x64 = Release|x64
		Release|x86 = Release|x86
	EndGlobalSection
	GlobalSection(ProjectConfigurationPlatforms) = postSolution
		{47F7BC52-2DA5-4FA7-BDAB-AECD98C8C843}.Debug|x64.ActiveCfg = Debug|x64
		{47F7BC52-2DA5-4FA7-BDAB-AECD98C8C843}.Debug|x64.Build.0 = Debug|x64
		{47F7BC52-2DA5-4FA7-BDAB-AECD98C8C843}.Debug|x86.ActiveCfg = Debug|Win32
		{47F7BC52-2DA5-4FA7-BDAB-AECD98C8C843}.Debug|x86.Build.0 = Debug|Win32
		{47F7BC52-2DA5-4FA7-BDAB-AECD98C8C843}.Release|x64.ActiveCfg = Release|x64
		{47F7BC52-2DA5-4FA7-BDAB-AECD98C8C843}.Release|x64.Build.0 = Release|x64
		{47F7BC52-2DA5-4FA7-BDAB-AECD98C8C843}.Release|x86.ActiveCfg = Release|Win32
		{47F7BC52-2DA5-4FA7-BDAB-AECD98C8C843}.Release|x86.Build.0 = Release|Win32
	EndGlobalSection
	GlobalSection(SolutionProperties) = preSolution
		HideSolutionNode = FALSE
	EndGlobalSection
	GlobalSection(ExtensibilityGlobals) = postSolution
		SolutionGuid = {4265AE95-4E2D-4CEF-973E-552FBCD73B8E}
	EndGlobalSection
EndGlobal
